// !$*UTF8*$!
{
	archiveVersion = 1;
	classes = {
	};
	objectVersion = 46;
	objects = {

/* Begin PBXBuildFile section */
		0010D84E1FC56EF700291FFF /* client_652073679380-so0npi4n865nv8a8a4880g5hqr8pnnfs.apps.googleusercontent.com.plist in Resources */ = {isa = PBXBuildFile; fileRef = 0010D84D1FC56EF600291FFF /* client_652073679380-so0npi4n865nv8a8a4880g5hqr8pnnfs.apps.googleusercontent.com.plist */; };
		0083889F1FE6574200EFE400 /* taxerCell.swift in Sources */ = {isa = PBXBuildFile; fileRef = 0083889E1FE6574200EFE400 /* taxerCell.swift */; };
		00BE2E951FE78A76000F3AAF /* taxTable.swift in Sources */ = {isa = PBXBuildFile; fileRef = 00BE2E941FE78A76000F3AAF /* taxTable.swift */; };
		36A03E068C6D6196AD6257CF /* Pods_perSession.framework in Frameworks */ = {isa = PBXBuildFile; fileRef = D5756A9D8D83AA717B759692 /* Pods_perSession.framework */; };
		AE0213491DCF8130006F927F /* setting.swift in Sources */ = {isa = PBXBuildFile; fileRef = AE0213481DCF8130006F927F /* setting.swift */; };
		AE0B0A7F1E62D461000E539C /* billView.swift in Sources */ = {isa = PBXBuildFile; fileRef = AE0B0A7E1E62D461000E539C /* billView.swift */; };
		AE1B3DB11DF824E100BB507F /* employerCellTableViewCell.swift in Sources */ = {isa = PBXBuildFile; fileRef = AE1B3DB01DF824E100BB507F /* employerCellTableViewCell.swift */; };
		AE26E0981E59FA400044C76B /* billerTable.swift in Sources */ = {isa = PBXBuildFile; fileRef = AE26E0971E59FA400044C76B /* billerTable.swift */; };
		AE26E09A1E5A02180044C76B /* billerCell.swift in Sources */ = {isa = PBXBuildFile; fileRef = AE26E0991E5A02180044C76B /* billerCell.swift */; };
		AE29BE9D1D972A910066214D /* UIKit.framework in Frameworks */ = {isa = PBXBuildFile; fileRef = AE29BE9C1D972A910066214D /* UIKit.framework */; };
		AE4159D71DD339F1008C5DE6 /* dogFile.swift in Sources */ = {isa = PBXBuildFile; fileRef = AE4159D61DD339F1008C5DE6 /* dogFile.swift */; };
		AE4B0FEC1E82B82F00188B79 /* subs.swift in Sources */ = {isa = PBXBuildFile; fileRef = AE4B0FEB1E82B82F00188B79 /* subs.swift */; };
		AE4CDC0D1D96430400FE2BB5 /* fetchRecords.swift in Sources */ = {isa = PBXBuildFile; fileRef = AE4CDC0C1D96430400FE2BB5 /* fetchRecords.swift */; };
		AE7F91851DF53E11000BC8C7 /* tableExt.swift in Sources */ = {isa = PBXBuildFile; fileRef = AE7F91841DF53E11000BC8C7 /* tableExt.swift */; };
		AE84DE8D1E7E638700F08945 /* CHANGE LOG.rtf in Resources */ = {isa = PBXBuildFile; fileRef = AE84DE8A1E7E638700F08945 /* CHANGE LOG.rtf */; };
		AE84DE8E1E7E638700F08945 /* RebeloperStore.swift in Sources */ = {isa = PBXBuildFile; fileRef = AE84DE8B1E7E638700F08945 /* RebeloperStore.swift */; };
		AE84DE8F1E7E638700F08945 /* RebeloperStoreSetup.swift in Sources */ = {isa = PBXBuildFile; fileRef = AE84DE8C1E7E638700F08945 /* RebeloperStoreSetup.swift */; };
		AE854B671E3A388B00C68CFB /* internetConnection.swift in Sources */ = {isa = PBXBuildFile; fileRef = AE854B661E3A388A00C68CFB /* internetConnection.swift */; };
		AEB16BA71DA03986004A6037 /* newVCTable.swift in Sources */ = {isa = PBXBuildFile; fileRef = AEB16BA61DA03986004A6037 /* newVCTable.swift */; };
		AEC3A7731D7DE20E005E3F1F /* datePicker2.swift in Sources */ = {isa = PBXBuildFile; fileRef = AEC3A7721D7DE20E005E3F1F /* datePicker2.swift */; };
		AEC3A7751D7DE22B005E3F1F /* datePicker2.storyboard in Resources */ = {isa = PBXBuildFile; fileRef = AEC3A7741D7DE22B005E3F1F /* datePicker2.storyboard */; };
		AECEC1C81D8A8E0B007C1D14 /* newRecordsTable.swift in Sources */ = {isa = PBXBuildFile; fileRef = AECEC1C71D8A8E0B007C1D14 /* newRecordsTable.swift */; };
		AECEC1CA1D8A8E8E007C1D14 /* newTableCell.swift in Sources */ = {isa = PBXBuildFile; fileRef = AECEC1C91D8A8E8E007C1D14 /* newTableCell.swift */; };
		AECF31DD1E1246B80072547C /* MaxLengthField.swift in Sources */ = {isa = PBXBuildFile; fileRef = AECF31DC1E1246B80072547C /* MaxLengthField.swift */; };
		AECF31DF1E1248660072547C /* AllowedCharsTextField.swift in Sources */ = {isa = PBXBuildFile; fileRef = AECF31DE1E1248660072547C /* AllowedCharsTextField.swift */; };
		AED6564B1E0140A4001691D1 /* cacheImages.swift in Sources */ = {isa = PBXBuildFile; fileRef = AED6564A1E0140A4001691D1 /* cacheImages.swift */; };
		AEDF47AD1DC22EA0005DB21A /* LoginFile.swift in Sources */ = {isa = PBXBuildFile; fileRef = AEDF47AC1DC22EA0005DB21A /* LoginFile.swift */; };
		AEE95E461D7B092A00093B51 /* AppDelegate.swift in Sources */ = {isa = PBXBuildFile; fileRef = AEE95E451D7B092A00093B51 /* AppDelegate.swift */; };
		AEE95E481D7B092A00093B51 /* ViewController.swift in Sources */ = {isa = PBXBuildFile; fileRef = AEE95E471D7B092A00093B51 /* ViewController.swift */; };
		AEE95E4B1D7B092A00093B51 /* Main.storyboard in Resources */ = {isa = PBXBuildFile; fileRef = AEE95E491D7B092A00093B51 /* Main.storyboard */; };
		AEE95E501D7B092A00093B51 /* LaunchScreen.storyboard in Resources */ = {isa = PBXBuildFile; fileRef = AEE95E4E1D7B092A00093B51 /* LaunchScreen.storyboard */; };
		F42DD2991FB03E6A00BBAE75 /* recordsStructure.swift in Sources */ = {isa = PBXBuildFile; fileRef = F42DD2981FB03E6A00BBAE75 /* recordsStructure.swift */; };
		F448229F1FCEC6C5006880E4 /* recordsOld.swift in Sources */ = {isa = PBXBuildFile; fileRef = F448229E1FCEC6C5006880E4 /* recordsOld.swift */; };
		F44CF4041FAB67FA00093950 /* UIControl.h in Headers */ = {isa = PBXBuildFile; fileRef = F44CF4031FAB67FA00093950 /* UIControl.h */; };
		F46C02AA1FB3139D00EBC4A4 /* Assets.xcassets in Resources */ = {isa = PBXBuildFile; fileRef = F46C02A91FB3139D00EBC4A4 /* Assets.xcassets */; };
		F4C0629E1FCAF927005B2A08 /* calander.swift in Sources */ = {isa = PBXBuildFile; fileRef = F4C0629D1FCAF927005B2A08 /* calander.swift */; };
		F4D0683C1FA9C5920079CA88 /* StoreKit.framework in Frameworks */ = {isa = PBXBuildFile; fileRef = F4D0683B1FA9C5920079CA88 /* StoreKit.framework */; };
		F4DDD6341FB1C92B00A327D7 /* GoogleService-Info.plist in Resources */ = {isa = PBXBuildFile; fileRef = F4DDD6331FB1C92B00A327D7 /* GoogleService-Info.plist */; };
		F4EAE2522007872400BB448C /* reportCell.swift in Sources */ = {isa = PBXBuildFile; fileRef = F4EAE2512007872400BB448C /* reportCell.swift */; };
		F4EAE2542007873900BB448C /* reportTable.swift in Sources */ = {isa = PBXBuildFile; fileRef = F4EAE2532007873900BB448C /* reportTable.swift */; };
/* End PBXBuildFile section */

/* Begin PBXCopyFilesBuildPhase section */
		AE1259B41D8C2E4100AAF470 /* Embed Frameworks */ = {
			isa = PBXCopyFilesBuildPhase;
			buildActionMask = 2147483647;
			dstPath = "";
			dstSubfolderSpec = 10;
			files = (
			);
			name = "Embed Frameworks";
			runOnlyForDeploymentPostprocessing = 0;
		};
/* End PBXCopyFilesBuildPhase section */

/* Begin PBXFileReference section */
		0010D84D1FC56EF600291FFF /* client_652073679380-so0npi4n865nv8a8a4880g5hqr8pnnfs.apps.googleusercontent.com.plist */ = {isa = PBXFileReference; fileEncoding = 4; lastKnownFileType = text.plist.xml; path = "client_652073679380-so0npi4n865nv8a8a4880g5hqr8pnnfs.apps.googleusercontent.com.plist"; sourceTree = "<group>"; };
		0083889E1FE6574200EFE400 /* taxerCell.swift */ = {isa = PBXFileReference; lastKnownFileType = sourcecode.swift; path = taxerCell.swift; sourceTree = "<group>"; };
		00BE2E941FE78A76000F3AAF /* taxTable.swift */ = {isa = PBXFileReference; lastKnownFileType = sourcecode.swift; path = taxTable.swift; sourceTree = "<group>"; };
		3524438E11FB26ADA3170CED /* Pods-perSession.release.xcconfig */ = {isa = PBXFileReference; includeInIndex = 1; lastKnownFileType = text.xcconfig; name = "Pods-perSession.release.xcconfig"; path = "Pods/Target Support Files/Pods-perSession/Pods-perSession.release.xcconfig"; sourceTree = "<group>"; };
		AE0213481DCF8130006F927F /* setting.swift */ = {isa = PBXFileReference; fileEncoding = 4; lastKnownFileType = sourcecode.swift; path = setting.swift; sourceTree = "<group>"; };
		AE0B0A7E1E62D461000E539C /* billView.swift */ = {isa = PBXFileReference; fileEncoding = 4; lastKnownFileType = sourcecode.swift; path = billView.swift; sourceTree = "<group>"; };
		AE1B3DB01DF824E100BB507F /* employerCellTableViewCell.swift */ = {isa = PBXFileReference; fileEncoding = 4; lastKnownFileType = sourcecode.swift; path = employerCellTableViewCell.swift; sourceTree = "<group>"; };
		AE26E0971E59FA400044C76B /* billerTable.swift */ = {isa = PBXFileReference; fileEncoding = 4; lastKnownFileType = sourcecode.swift; path = billerTable.swift; sourceTree = "<group>"; };
		AE26E0991E5A02180044C76B /* billerCell.swift */ = {isa = PBXFileReference; fileEncoding = 4; lastKnownFileType = sourcecode.swift; path = billerCell.swift; sourceTree = "<group>"; };
		AE2928BC1D943C0B00EB493B /* employee timer.entitlements */ = {isa = PBXFileReference; lastKnownFileType = text.plist.entitlements; path = "employee timer.entitlements"; sourceTree = "<group>"; };
		AE29BE9C1D972A910066214D /* UIKit.framework */ = {isa = PBXFileReference; lastKnownFileType = wrapper.framework; name = UIKit.framework; path = System/Library/Frameworks/UIKit.framework; sourceTree = SDKROOT; };
		AE4159D61DD339F1008C5DE6 /* dogFile.swift */ = {isa = PBXFileReference; fileEncoding = 4; lastKnownFileType = sourcecode.swift; path = dogFile.swift; sourceTree = "<group>"; };
		AE4B0FEB1E82B82F00188B79 /* subs.swift */ = {isa = PBXFileReference; fileEncoding = 4; lastKnownFileType = sourcecode.swift; path = subs.swift; sourceTree = "<group>"; };
		AE4CDC0C1D96430400FE2BB5 /* fetchRecords.swift */ = {isa = PBXFileReference; fileEncoding = 4; lastKnownFileType = sourcecode.swift; path = fetchRecords.swift; sourceTree = "<group>"; };
		AE7F91841DF53E11000BC8C7 /* tableExt.swift */ = {isa = PBXFileReference; fileEncoding = 4; lastKnownFileType = sourcecode.swift; path = tableExt.swift; sourceTree = "<group>"; };
		AE84DE8A1E7E638700F08945 /* CHANGE LOG.rtf */ = {isa = PBXFileReference; fileEncoding = 4; lastKnownFileType = text.rtf; path = "CHANGE LOG.rtf"; sourceTree = "<group>"; };
		AE84DE8B1E7E638700F08945 /* RebeloperStore.swift */ = {isa = PBXFileReference; fileEncoding = 4; lastKnownFileType = sourcecode.swift; path = RebeloperStore.swift; sourceTree = "<group>"; };
		AE84DE8C1E7E638700F08945 /* RebeloperStoreSetup.swift */ = {isa = PBXFileReference; fileEncoding = 4; lastKnownFileType = sourcecode.swift; path = RebeloperStoreSetup.swift; sourceTree = "<group>"; };
		AE854B661E3A388A00C68CFB /* internetConnection.swift */ = {isa = PBXFileReference; fileEncoding = 4; lastKnownFileType = sourcecode.swift; path = internetConnection.swift; sourceTree = "<group>"; };
		AEB16BA61DA03986004A6037 /* newVCTable.swift */ = {isa = PBXFileReference; fileEncoding = 4; lastKnownFileType = sourcecode.swift; path = newVCTable.swift; sourceTree = "<group>"; };
		AEC3A7721D7DE20E005E3F1F /* datePicker2.swift */ = {isa = PBXFileReference; fileEncoding = 4; lastKnownFileType = sourcecode.swift; path = datePicker2.swift; sourceTree = "<group>"; };
		AEC3A7741D7DE22B005E3F1F /* datePicker2.storyboard */ = {isa = PBXFileReference; fileEncoding = 4; lastKnownFileType = file.storyboard; path = datePicker2.storyboard; sourceTree = "<group>"; };
		AECEC1C71D8A8E0B007C1D14 /* newRecordsTable.swift */ = {isa = PBXFileReference; fileEncoding = 4; lastKnownFileType = sourcecode.swift; name = newRecordsTable.swift; path = ../newRecordsTable.swift; sourceTree = "<group>"; };
		AECEC1C91D8A8E8E007C1D14 /* newTableCell.swift */ = {isa = PBXFileReference; fileEncoding = 4; lastKnownFileType = sourcecode.swift; path = newTableCell.swift; sourceTree = "<group>"; };
		AECF31DC1E1246B80072547C /* MaxLengthField.swift */ = {isa = PBXFileReference; fileEncoding = 4; lastKnownFileType = sourcecode.swift; path = MaxLengthField.swift; sourceTree = "<group>"; };
		AECF31DE1E1248660072547C /* AllowedCharsTextField.swift */ = {isa = PBXFileReference; fileEncoding = 4; lastKnownFileType = sourcecode.swift; path = AllowedCharsTextField.swift; sourceTree = "<group>"; };
		AED6564A1E0140A4001691D1 /* cacheImages.swift */ = {isa = PBXFileReference; fileEncoding = 4; lastKnownFileType = sourcecode.swift; path = cacheImages.swift; sourceTree = "<group>"; };
		AEDF47AC1DC22EA0005DB21A /* LoginFile.swift */ = {isa = PBXFileReference; fileEncoding = 4; lastKnownFileType = sourcecode.swift; path = LoginFile.swift; sourceTree = "<group>"; };
		AEE95E421D7B092A00093B51 /* perSession.app */ = {isa = PBXFileReference; explicitFileType = wrapper.application; includeInIndex = 0; path = perSession.app; sourceTree = BUILT_PRODUCTS_DIR; };
		AEE95E451D7B092A00093B51 /* AppDelegate.swift */ = {isa = PBXFileReference; lastKnownFileType = sourcecode.swift; path = AppDelegate.swift; sourceTree = "<group>"; };
		AEE95E471D7B092A00093B51 /* ViewController.swift */ = {isa = PBXFileReference; lastKnownFileType = sourcecode.swift; path = ViewController.swift; sourceTree = "<group>"; };
		AEE95E4A1D7B092A00093B51 /* Base */ = {isa = PBXFileReference; lastKnownFileType = file.storyboard; name = Base; path = Base.lproj/Main.storyboard; sourceTree = "<group>"; };
		AEE95E4F1D7B092A00093B51 /* Base */ = {isa = PBXFileReference; lastKnownFileType = file.storyboard; name = Base; path = Base.lproj/LaunchScreen.storyboard; sourceTree = "<group>"; };
		AEE95E511D7B092A00093B51 /* Info.plist */ = {isa = PBXFileReference; lastKnownFileType = text.plist.xml; path = Info.plist; sourceTree = "<group>"; };
		D36D34D1D194F34A2C696A4C /* Pods-perSession.debug.xcconfig */ = {isa = PBXFileReference; includeInIndex = 1; lastKnownFileType = text.xcconfig; name = "Pods-perSession.debug.xcconfig"; path = "Pods/Target Support Files/Pods-perSession/Pods-perSession.debug.xcconfig"; sourceTree = "<group>"; };
		D5756A9D8D83AA717B759692 /* Pods_perSession.framework */ = {isa = PBXFileReference; explicitFileType = wrapper.framework; includeInIndex = 0; path = Pods_perSession.framework; sourceTree = BUILT_PRODUCTS_DIR; };
		F42DD2981FB03E6A00BBAE75 /* recordsStructure.swift */ = {isa = PBXFileReference; lastKnownFileType = sourcecode.swift; path = recordsStructure.swift; sourceTree = "<group>"; };
		F448229E1FCEC6C5006880E4 /* recordsOld.swift */ = {isa = PBXFileReference; lastKnownFileType = sourcecode.swift; path = recordsOld.swift; sourceTree = "<group>"; };
		F44CF4031FAB67FA00093950 /* UIControl.h */ = {isa = PBXFileReference; fileEncoding = 4; lastKnownFileType = sourcecode.c.h; path = UIControl.h; sourceTree = "<group>"; };
		F46C02A91FB3139D00EBC4A4 /* Assets.xcassets */ = {isa = PBXFileReference; lastKnownFileType = folder.assetcatalog; path = Assets.xcassets; sourceTree = "<group>"; };
		F4C0629D1FCAF927005B2A08 /* calander.swift */ = {isa = PBXFileReference; lastKnownFileType = sourcecode.swift; path = calander.swift; sourceTree = "<group>"; };
		F4D0683B1FA9C5920079CA88 /* StoreKit.framework */ = {isa = PBXFileReference; lastKnownFileType = wrapper.framework; name = StoreKit.framework; path = System/Library/Frameworks/StoreKit.framework; sourceTree = SDKROOT; };
		F4DDD6331FB1C92B00A327D7 /* GoogleService-Info.plist */ = {isa = PBXFileReference; fileEncoding = 4; lastKnownFileType = text.plist.xml; path = "GoogleService-Info.plist"; sourceTree = "<group>"; };
		F4EAE2512007872400BB448C /* reportCell.swift */ = {isa = PBXFileReference; lastKnownFileType = sourcecode.swift; name = reportCell.swift; path = reports/reportCell.swift; sourceTree = "<group>"; };
		F4EAE2532007873900BB448C /* reportTable.swift */ = {isa = PBXFileReference; lastKnownFileType = sourcecode.swift; path = reportTable.swift; sourceTree = "<group>"; };
/* End PBXFileReference section */

/* Begin PBXFrameworksBuildPhase section */
		AEE95E3F1D7B092A00093B51 /* Frameworks */ = {
			isa = PBXFrameworksBuildPhase;
			buildActionMask = 2147483647;
			files = (
				F4D0683C1FA9C5920079CA88 /* StoreKit.framework in Frameworks */,
				AE29BE9D1D972A910066214D /* UIKit.framework in Frameworks */,
				36A03E068C6D6196AD6257CF /* Pods_perSession.framework in Frameworks */,
			);
			runOnlyForDeploymentPostprocessing = 0;
		};
/* End PBXFrameworksBuildPhase section */

/* Begin PBXGroup section */
		008388A21FE6576F00EFE400 /* tax */ = {
			isa = PBXGroup;
			children = (
				00BE2E941FE78A76000F3AAF /* taxTable.swift */,
				0083889E1FE6574200EFE400 /* taxerCell.swift */,
			);
			name = tax;
			sourceTree = "<group>";
		};
		3B50FB26DF20243404BD0B64 /* Pods */ = {
			isa = PBXGroup;
			children = (
				D36D34D1D194F34A2C696A4C /* Pods-perSession.debug.xcconfig */,
				3524438E11FB26ADA3170CED /* Pods-perSession.release.xcconfig */,
			);
			name = Pods;
			sourceTree = "<group>";
		};
		6D4BA4C9119C004ED1F3B7F1 /* Frameworks */ = {
			isa = PBXGroup;
			children = (
				F4D0683B1FA9C5920079CA88 /* StoreKit.framework */,
				AE29BE9C1D972A910066214D /* UIKit.framework */,
				D5756A9D8D83AA717B759692 /* Pods_perSession.framework */,
			);
			name = Frameworks;
			sourceTree = "<group>";
		};
		AE29E6221E59BFDC00797267 /* bill */ = {
			isa = PBXGroup;
			children = (
				AE26E0991E5A02180044C76B /* billerCell.swift */,
				AE26E0971E59FA400044C76B /* billerTable.swift */,
				AE0B0A7E1E62D461000E539C /* billView.swift */,
			);
			name = bill;
			sourceTree = "<group>";
		};
		AE5548DC1DA51281009D7085 /* history */ = {
			isa = PBXGroup;
			children = (
				AECEC1C71D8A8E0B007C1D14 /* newRecordsTable.swift */,
				AE4CDC0C1D96430400FE2BB5 /* fetchRecords.swift */,
			);
			name = history;
			sourceTree = "<group>";
		};
		AE577AD31DF9417E00EBE62B /* The Root Program */ = {
			isa = PBXGroup;
			children = (
				AE1B3DB01DF824E100BB507F /* employerCellTableViewCell.swift */,
				AE7F91841DF53E11000BC8C7 /* tableExt.swift */,
				AEE95E471D7B092A00093B51 /* ViewController.swift */,
				F4C0629D1FCAF927005B2A08 /* calander.swift */,
			);
			name = "The Root Program";
			sourceTree = "<group>";
		};
		AE577AD41DF941C800EBE62B /* Side programs */ = {
			isa = PBXGroup;
			children = (
				F46C02A91FB3139D00EBC4A4 /* Assets.xcassets */,
				AE0213481DCF8130006F927F /* setting.swift */,
				AEDF47AC1DC22EA0005DB21A /* LoginFile.swift */,
				AE4159D61DD339F1008C5DE6 /* dogFile.swift */,
				AE4B0FEB1E82B82F00188B79 /* subs.swift */,
			);
			name = "Side programs";
			sourceTree = "<group>";
		};
		AE6AA8531DEFFB9000E424FF /* recordsTable */ = {
			isa = PBXGroup;
			children = (
				AEB16BA61DA03986004A6037 /* newVCTable.swift */,
				AECEC1C91D8A8E8E007C1D14 /* newTableCell.swift */,
				F448229E1FCEC6C5006880E4 /* recordsOld.swift */,
			);
			name = recordsTable;
			sourceTree = "<group>";
		};
		AE84DE891E7E638700F08945 /* RebeloperStore */ = {
			isa = PBXGroup;
			children = (
				AE84DE8A1E7E638700F08945 /* CHANGE LOG.rtf */,
				AE84DE8B1E7E638700F08945 /* RebeloperStore.swift */,
				AE84DE8C1E7E638700F08945 /* RebeloperStoreSetup.swift */,
			);
			path = RebeloperStore;
			sourceTree = "<group>";
		};
		AEC3A7711D7DE1C7005E3F1F /* datePicker */ = {
			isa = PBXGroup;
			children = (
				AEC3A7721D7DE20E005E3F1F /* datePicker2.swift */,
				AEC3A7741D7DE22B005E3F1F /* datePicker2.storyboard */,
				AEE95E491D7B092A00093B51 /* Main.storyboard */,
			);
			name = datePicker;
			sourceTree = "<group>";
		};
		AECF31E01E12496C0072547C /* helpers */ = {
			isa = PBXGroup;
			children = (
				AE854B661E3A388A00C68CFB /* internetConnection.swift */,
				AECF31DE1E1248660072547C /* AllowedCharsTextField.swift */,
				AECF31DC1E1246B80072547C /* MaxLengthField.swift */,
				AED6564A1E0140A4001691D1 /* cacheImages.swift */,
			);
			name = helpers;
			sourceTree = "<group>";
		};
		AEE95E391D7B092A00093B51 = {
			isa = PBXGroup;
			children = (
				F44CF4031FAB67FA00093950 /* UIControl.h */,
				AEE95E441D7B092A00093B51 /* employee timer */,
				AEE95E431D7B092A00093B51 /* Products */,
				6D4BA4C9119C004ED1F3B7F1 /* Frameworks */,
				3B50FB26DF20243404BD0B64 /* Pods */,
			);
			sourceTree = "<group>";
		};
		AEE95E431D7B092A00093B51 /* Products */ = {
			isa = PBXGroup;
			children = (
				AEE95E421D7B092A00093B51 /* perSession.app */,
			);
			name = Products;
			sourceTree = "<group>";
		};
		AEE95E441D7B092A00093B51 /* employee timer */ = {
			isa = PBXGroup;
			children = (
				F42DD2981FB03E6A00BBAE75 /* recordsStructure.swift */,
				AE2928BC1D943C0B00EB493B /* employee timer.entitlements */,
				AEE95E451D7B092A00093B51 /* AppDelegate.swift */,
				AE84DE891E7E638700F08945 /* RebeloperStore */,
				AEC3A7711D7DE1C7005E3F1F /* datePicker */,
				AE5548DC1DA51281009D7085 /* history */,
				AECF31E01E12496C0072547C /* helpers */,
				AE577AD31DF9417E00EBE62B /* The Root Program */,
				F4EAE2552007874500BB448C /* reports */,
				008388A21FE6576F00EFE400 /* tax */,
				AE29E6221E59BFDC00797267 /* bill */,
				AE6AA8531DEFFB9000E424FF /* recordsTable */,
				AE577AD41DF941C800EBE62B /* Side programs */,
				AEE95E4E1D7B092A00093B51 /* LaunchScreen.storyboard */,
				F4DDD6331FB1C92B00A327D7 /* GoogleService-Info.plist */,
				0010D84D1FC56EF600291FFF /* client_652073679380-so0npi4n865nv8a8a4880g5hqr8pnnfs.apps.googleusercontent.com.plist */,
				AEE95E511D7B092A00093B51 /* Info.plist */,
			);
			path = "employee timer";
			sourceTree = "<group>";
		};
		F4EAE2552007874500BB448C /* reports */ = {
			isa = PBXGroup;
			children = (
				F4EAE2512007872400BB448C /* reportCell.swift */,
				F4EAE2532007873900BB448C /* reportTable.swift */,
			);
			name = reports;
			sourceTree = "<group>";
		};
/* End PBXGroup section */

/* Begin PBXHeadersBuildPhase section */
		AE29BE9E1D972B870066214D /* Headers */ = {
			isa = PBXHeadersBuildPhase;
			buildActionMask = 2147483647;
			files = (
				F44CF4041FAB67FA00093950 /* UIControl.h in Headers */,
			);
			runOnlyForDeploymentPostprocessing = 0;
		};
/* End PBXHeadersBuildPhase section */

/* Begin PBXNativeTarget section */
		AEE95E411D7B092A00093B51 /* perSession */ = {
			isa = PBXNativeTarget;
			buildConfigurationList = AEE95E541D7B092A00093B51 /* Build configuration list for PBXNativeTarget "perSession" */;
			buildPhases = (
				DCF47AF918A71A5ED53CDE22 /* [CP] Check Pods Manifest.lock */,
				AEE95E3E1D7B092A00093B51 /* Sources */,
				AEE95E3F1D7B092A00093B51 /* Frameworks */,
				AEE95E401D7B092A00093B51 /* Resources */,
				AE1259B41D8C2E4100AAF470 /* Embed Frameworks */,
				AE1259B51D8C2E4F00AAF470 /* Run Script */,
				440DDD19FF12039B5EA2739A /* [CP] Embed Pods Frameworks */,
				57B37AFD86DF6AD0EA9CB931 /* [CP] Copy Pods Resources */,
				AE29BE9E1D972B870066214D /* Headers */,
			);
			buildRules = (
			);
			dependencies = (
			);
			name = perSession;
			productName = "employee timer";
			productReference = AEE95E421D7B092A00093B51 /* perSession.app */;
			productType = "com.apple.product-type.application";
		};
/* End PBXNativeTarget section */

/* Begin PBXProject section */
		AEE95E3A1D7B092A00093B51 /* Project object */ = {
			isa = PBXProject;
			attributes = {
				LastSwiftUpdateCheck = 0800;
				LastUpgradeCheck = 0900;
				ORGANIZATIONNAME = "אורי עינת";
				TargetAttributes = {
					AEE95E411D7B092A00093B51 = {
						CreatedOnToolsVersion = 8.0;
						DevelopmentTeam = WMAL4VEAR5;
						ProvisioningStyle = Automatic;
						SystemCapabilities = {
							com.apple.InAppPurchase = {
								enabled = 1;
							};
							com.apple.Keychain = {
								enabled = 1;
							};
							com.apple.Push = {
								enabled = 0;
							};
							com.apple.iCloud = {
								enabled = 0;
							};
						};
					};
				};
			};
			buildConfigurationList = AEE95E3D1D7B092A00093B51 /* Build configuration list for PBXProject "perSession" */;
			compatibilityVersion = "Xcode 3.2";
			developmentRegion = English;
			hasScannedForEncodings = 0;
			knownRegions = (
				en,
				Base,
			);
			mainGroup = AEE95E391D7B092A00093B51;
			productRefGroup = AEE95E431D7B092A00093B51 /* Products */;
			projectDirPath = "";
			projectRoot = "";
			targets = (
				AEE95E411D7B092A00093B51 /* perSession */,
			);
		};
/* End PBXProject section */

/* Begin PBXResourcesBuildPhase section */
		AEE95E401D7B092A00093B51 /* Resources */ = {
			isa = PBXResourcesBuildPhase;
			buildActionMask = 2147483647;
			files = (
				AE84DE8D1E7E638700F08945 /* CHANGE LOG.rtf in Resources */,
				AEE95E501D7B092A00093B51 /* LaunchScreen.storyboard in Resources */,
				0010D84E1FC56EF700291FFF /* client_652073679380-so0npi4n865nv8a8a4880g5hqr8pnnfs.apps.googleusercontent.com.plist in Resources */,
				F4DDD6341FB1C92B00A327D7 /* GoogleService-Info.plist in Resources */,
				F46C02AA1FB3139D00EBC4A4 /* Assets.xcassets in Resources */,
				AEE95E4B1D7B092A00093B51 /* Main.storyboard in Resources */,
				AEC3A7751D7DE22B005E3F1F /* datePicker2.storyboard in Resources */,
			);
			runOnlyForDeploymentPostprocessing = 0;
		};
/* End PBXResourcesBuildPhase section */

/* Begin PBXShellScriptBuildPhase section */
		440DDD19FF12039B5EA2739A /* [CP] Embed Pods Frameworks */ = {
			isa = PBXShellScriptBuildPhase;
			buildActionMask = 12;
			files = (
			);
			inputPaths = (
				"${SRCROOT}/Pods/Target Support Files/Pods-perSession/Pods-perSession-frameworks.sh",
				"${BUILT_PRODUCTS_DIR}/Bolts/Bolts.framework",
				"${BUILT_PRODUCTS_DIR}/FBSDKCoreKit/FBSDKCoreKit.framework",
				"${BUILT_PRODUCTS_DIR}/FBSDKLoginKit/FBSDKLoginKit.framework",
				"${BUILT_PRODUCTS_DIR}/FBSDKShareKit/FBSDKShareKit.framework",
				"${BUILT_PRODUCTS_DIR}/FacebookCore/FacebookCore.framework",
				"${BUILT_PRODUCTS_DIR}/GTMOAuth2/GTMOAuth2.framework",
				"${BUILT_PRODUCTS_DIR}/GTMSessionFetcher/GTMSessionFetcher.framework",
				"${BUILT_PRODUCTS_DIR}/GoogleAPIClientForREST/GoogleAPIClientForREST.framework",
				"${BUILT_PRODUCTS_DIR}/GoogleToolboxForMac/GoogleToolboxForMac.framework",
				"${BUILT_PRODUCTS_DIR}/KeychainAccess/KeychainAccess.framework",
				"${BUILT_PRODUCTS_DIR}/Protobuf/Protobuf.framework",
				"${BUILT_PRODUCTS_DIR}/SwiftyStoreKit/SwiftyStoreKit.framework",
			);
			name = "[CP] Embed Pods Frameworks";
			outputPaths = (
				"${TARGET_BUILD_DIR}/${FRAMEWORKS_FOLDER_PATH}/Bolts.framework",
				"${TARGET_BUILD_DIR}/${FRAMEWORKS_FOLDER_PATH}/FBSDKCoreKit.framework",
				"${TARGET_BUILD_DIR}/${FRAMEWORKS_FOLDER_PATH}/FBSDKLoginKit.framework",
				"${TARGET_BUILD_DIR}/${FRAMEWORKS_FOLDER_PATH}/FBSDKShareKit.framework",
				"${TARGET_BUILD_DIR}/${FRAMEWORKS_FOLDER_PATH}/FacebookCore.framework",
				"${TARGET_BUILD_DIR}/${FRAMEWORKS_FOLDER_PATH}/GTMOAuth2.framework",
				"${TARGET_BUILD_DIR}/${FRAMEWORKS_FOLDER_PATH}/GTMSessionFetcher.framework",
				"${TARGET_BUILD_DIR}/${FRAMEWORKS_FOLDER_PATH}/GoogleAPIClientForREST.framework",
				"${TARGET_BUILD_DIR}/${FRAMEWORKS_FOLDER_PATH}/GoogleToolboxForMac.framework",
				"${TARGET_BUILD_DIR}/${FRAMEWORKS_FOLDER_PATH}/KeychainAccess.framework",
				"${TARGET_BUILD_DIR}/${FRAMEWORKS_FOLDER_PATH}/Protobuf.framework",
				"${TARGET_BUILD_DIR}/${FRAMEWORKS_FOLDER_PATH}/SwiftyStoreKit.framework",
			);
			runOnlyForDeploymentPostprocessing = 0;
			shellPath = /bin/sh;
			shellScript = "\"${SRCROOT}/Pods/Target Support Files/Pods-perSession/Pods-perSession-frameworks.sh\"\n";
			showEnvVarsInLog = 0;
		};
		57B37AFD86DF6AD0EA9CB931 /* [CP] Copy Pods Resources */ = {
			isa = PBXShellScriptBuildPhase;
			buildActionMask = 12;
			files = (
			);
			inputPaths = (
				"${SRCROOT}/Pods/Target Support Files/Pods-perSession/Pods-perSession-resources.sh",
				"${PODS_ROOT}/GoogleSignIn/Resources/GoogleSignIn.bundle",
			);
			name = "[CP] Copy Pods Resources";
			outputPaths = (
				"${TARGET_BUILD_DIR}/${UNLOCALIZED_RESOURCES_FOLDER_PATH}",
			);
			runOnlyForDeploymentPostprocessing = 0;
			shellPath = /bin/sh;
			shellScript = "\"${SRCROOT}/Pods/Target Support Files/Pods-perSession/Pods-perSession-resources.sh\"\n";
			showEnvVarsInLog = 0;
		};
		AE1259B51D8C2E4F00AAF470 /* Run Script */ = {
			isa = PBXShellScriptBuildPhase;
			buildActionMask = 12;
			files = (
			);
			inputPaths = (
			);
			name = "Run Script";
			outputPaths = (
			);
			runOnlyForDeploymentPostprocessing = 0;
			shellPath = /bin/sh;
			shellScript = "";
		};
		DCF47AF918A71A5ED53CDE22 /* [CP] Check Pods Manifest.lock */ = {
			isa = PBXShellScriptBuildPhase;
			buildActionMask = 12;
			files = (
			);
			inputPaths = (
				"${PODS_PODFILE_DIR_PATH}/Podfile.lock",
				"${PODS_ROOT}/Manifest.lock",
			);
			name = "[CP] Check Pods Manifest.lock";
			outputPaths = (
				"$(DERIVED_FILE_DIR)/Pods-perSession-checkManifestLockResult.txt",
			);
			runOnlyForDeploymentPostprocessing = 0;
			shellPath = /bin/sh;
			shellScript = "diff \"${PODS_PODFILE_DIR_PATH}/Podfile.lock\" \"${PODS_ROOT}/Manifest.lock\" > /dev/null\nif [ $? != 0 ] ; then\n    # print error to STDERR\n    echo \"error: The sandbox is not in sync with the Podfile.lock. Run 'pod install' or update your CocoaPods installation.\" >&2\n    exit 1\nfi\n# This output is used by Xcode 'outputs' to avoid re-running this script phase.\necho \"SUCCESS\" > \"${SCRIPT_OUTPUT_FILE_0}\"\n";
			showEnvVarsInLog = 0;
		};
/* End PBXShellScriptBuildPhase section */

/* Begin PBXSourcesBuildPhase section */
		AEE95E3E1D7B092A00093B51 /* Sources */ = {
			isa = PBXSourcesBuildPhase;
			buildActionMask = 2147483647;
			files = (
				AE854B671E3A388B00C68CFB /* internetConnection.swift in Sources */,
				F448229F1FCEC6C5006880E4 /* recordsOld.swift in Sources */,
				F4EAE2542007873900BB448C /* reportTable.swift in Sources */,
				AE1B3DB11DF824E100BB507F /* employerCellTableViewCell.swift in Sources */,
				F4EAE2522007872400BB448C /* reportCell.swift in Sources */,
				AE84DE8F1E7E638700F08945 /* RebeloperStoreSetup.swift in Sources */,
				AE26E0981E59FA400044C76B /* billerTable.swift in Sources */,
				AE7F91851DF53E11000BC8C7 /* tableExt.swift in Sources */,
				00BE2E951FE78A76000F3AAF /* taxTable.swift in Sources */,
				AEE95E481D7B092A00093B51 /* ViewController.swift in Sources */,
				AE4CDC0D1D96430400FE2BB5 /* fetchRecords.swift in Sources */,
				AE4B0FEC1E82B82F00188B79 /* subs.swift in Sources */,
				AECF31DD1E1246B80072547C /* MaxLengthField.swift in Sources */,
				AEE95E461D7B092A00093B51 /* AppDelegate.swift in Sources */,
				AECEC1C81D8A8E0B007C1D14 /* newRecordsTable.swift in Sources */,
				AEC3A7731D7DE20E005E3F1F /* datePicker2.swift in Sources */,
				AECF31DF1E1248660072547C /* AllowedCharsTextField.swift in Sources */,
				AE26E09A1E5A02180044C76B /* billerCell.swift in Sources */,
				F42DD2991FB03E6A00BBAE75 /* recordsStructure.swift in Sources */,
				AE0213491DCF8130006F927F /* setting.swift in Sources */,
				AEDF47AD1DC22EA0005DB21A /* LoginFile.swift in Sources */,
				AE84DE8E1E7E638700F08945 /* RebeloperStore.swift in Sources */,
				AE0B0A7F1E62D461000E539C /* billView.swift in Sources */,
				0083889F1FE6574200EFE400 /* taxerCell.swift in Sources */,
				AE4159D71DD339F1008C5DE6 /* dogFile.swift in Sources */,
				AED6564B1E0140A4001691D1 /* cacheImages.swift in Sources */,
				AEB16BA71DA03986004A6037 /* newVCTable.swift in Sources */,
				AECEC1CA1D8A8E8E007C1D14 /* newTableCell.swift in Sources */,
				F4C0629E1FCAF927005B2A08 /* calander.swift in Sources */,
			);
			runOnlyForDeploymentPostprocessing = 0;
		};
/* End PBXSourcesBuildPhase section */

/* Begin PBXVariantGroup section */
		AEE95E491D7B092A00093B51 /* Main.storyboard */ = {
			isa = PBXVariantGroup;
			children = (
				AEE95E4A1D7B092A00093B51 /* Base */,
			);
			name = Main.storyboard;
			sourceTree = "<group>";
		};
		AEE95E4E1D7B092A00093B51 /* LaunchScreen.storyboard */ = {
			isa = PBXVariantGroup;
			children = (
				AEE95E4F1D7B092A00093B51 /* Base */,
			);
			name = LaunchScreen.storyboard;
			sourceTree = "<group>";
		};
/* End PBXVariantGroup section */

/* Begin XCBuildConfiguration section */
		AEE95E521D7B092A00093B51 /* Debug */ = {
			isa = XCBuildConfiguration;
			buildSettings = {
				ALWAYS_SEARCH_USER_PATHS = NO;
				CLANG_ANALYZER_NONNULL = YES;
				CLANG_CXX_LANGUAGE_STANDARD = "gnu++0x";
				CLANG_CXX_LIBRARY = "libc++";
				CLANG_ENABLE_MODULES = YES;
				CLANG_ENABLE_OBJC_ARC = YES;
				CLANG_WARN_BLOCK_CAPTURE_AUTORELEASING = YES;
				CLANG_WARN_BOOL_CONVERSION = YES;
				CLANG_WARN_COMMA = YES;
				CLANG_WARN_CONSTANT_CONVERSION = YES;
				CLANG_WARN_DIRECT_OBJC_ISA_USAGE = YES_ERROR;
				CLANG_WARN_DOCUMENTATION_COMMENTS = YES;
				CLANG_WARN_EMPTY_BODY = YES;
				CLANG_WARN_ENUM_CONVERSION = YES;
				CLANG_WARN_INFINITE_RECURSION = YES;
				CLANG_WARN_INT_CONVERSION = YES;
				CLANG_WARN_NON_LITERAL_NULL_CONVERSION = YES;
				CLANG_WARN_OBJC_LITERAL_CONVERSION = YES;
				CLANG_WARN_OBJC_ROOT_CLASS = YES_ERROR;
				CLANG_WARN_RANGE_LOOP_ANALYSIS = YES;
				CLANG_WARN_STRICT_PROTOTYPES = YES;
				CLANG_WARN_SUSPICIOUS_MOVE = YES;
				CLANG_WARN_SUSPICIOUS_MOVES = YES;
				CLANG_WARN_UNREACHABLE_CODE = YES;
				CLANG_WARN__DUPLICATE_METHOD_MATCH = YES;
				"CODE_SIGN_ENTITLEMENTS[sdk=*]" = "";
				"CODE_SIGN_IDENTITY[sdk=iphoneos*]" = "iPhone Developer";
				COPY_PHASE_STRIP = NO;
				DEBUG_INFORMATION_FORMAT = dwarf;
				DEVELOPMENT_TEAM = "";
				ENABLE_STRICT_OBJC_MSGSEND = YES;
				ENABLE_TESTABILITY = YES;
				FRAMEWORK_SEARCH_PATHS = "$(SRCROOT)/**";
				GCC_C_LANGUAGE_STANDARD = gnu99;
				GCC_DYNAMIC_NO_PIC = NO;
				GCC_NO_COMMON_BLOCKS = YES;
				GCC_OPTIMIZATION_LEVEL = 0;
				GCC_PREPROCESSOR_DEFINITIONS = (
					"DEBUG=1",
					"$(inherited)",
				);
				GCC_WARN_64_TO_32_BIT_CONVERSION = YES;
				GCC_WARN_ABOUT_RETURN_TYPE = YES_ERROR;
				GCC_WARN_UNDECLARED_SELECTOR = YES;
				GCC_WARN_UNINITIALIZED_AUTOS = YES_AGGRESSIVE;
				GCC_WARN_UNUSED_FUNCTION = YES;
				GCC_WARN_UNUSED_VARIABLE = YES;
				IPHONEOS_DEPLOYMENT_TARGET = 10.0;
				MTL_ENABLE_DEBUG_INFO = YES;
				ONLY_ACTIVE_ARCH = YES;
				SDKROOT = iphoneos;
				SWIFT_ACTIVE_COMPILATION_CONDITIONS = DEBUG;
				SWIFT_OPTIMIZATION_LEVEL = "-Onone";
			};
			name = Debug;
		};
		AEE95E531D7B092A00093B51 /* Release */ = {
			isa = XCBuildConfiguration;
			buildSettings = {
				ALWAYS_SEARCH_USER_PATHS = NO;
				CLANG_ANALYZER_NONNULL = YES;
				CLANG_CXX_LANGUAGE_STANDARD = "gnu++0x";
				CLANG_CXX_LIBRARY = "libc++";
				CLANG_ENABLE_MODULES = YES;
				CLANG_ENABLE_OBJC_ARC = YES;
				CLANG_WARN_BLOCK_CAPTURE_AUTORELEASING = YES;
				CLANG_WARN_BOOL_CONVERSION = YES;
				CLANG_WARN_COMMA = YES;
				CLANG_WARN_CONSTANT_CONVERSION = YES;
				CLANG_WARN_DIRECT_OBJC_ISA_USAGE = YES_ERROR;
				CLANG_WARN_DOCUMENTATION_COMMENTS = YES;
				CLANG_WARN_EMPTY_BODY = YES;
				CLANG_WARN_ENUM_CONVERSION = YES;
				CLANG_WARN_INFINITE_RECURSION = YES;
				CLANG_WARN_INT_CONVERSION = YES;
				CLANG_WARN_NON_LITERAL_NULL_CONVERSION = YES;
				CLANG_WARN_OBJC_LITERAL_CONVERSION = YES;
				CLANG_WARN_OBJC_ROOT_CLASS = YES_ERROR;
				CLANG_WARN_RANGE_LOOP_ANALYSIS = YES;
				CLANG_WARN_STRICT_PROTOTYPES = YES;
				CLANG_WARN_SUSPICIOUS_MOVE = YES;
				CLANG_WARN_SUSPICIOUS_MOVES = YES;
				CLANG_WARN_UNREACHABLE_CODE = YES;
				CLANG_WARN__DUPLICATE_METHOD_MATCH = YES;
				"CODE_SIGN_IDENTITY[sdk=iphoneos*]" = "iPhone Developer";
				COPY_PHASE_STRIP = NO;
				DEBUG_INFORMATION_FORMAT = "dwarf-with-dsym";
				DEVELOPMENT_TEAM = "";
				ENABLE_NS_ASSERTIONS = NO;
				ENABLE_STRICT_OBJC_MSGSEND = YES;
				FRAMEWORK_SEARCH_PATHS = "$(SRCROOT)/**";
				GCC_C_LANGUAGE_STANDARD = gnu99;
				GCC_NO_COMMON_BLOCKS = YES;
				GCC_WARN_64_TO_32_BIT_CONVERSION = YES;
				GCC_WARN_ABOUT_RETURN_TYPE = YES_ERROR;
				GCC_WARN_UNDECLARED_SELECTOR = YES;
				GCC_WARN_UNINITIALIZED_AUTOS = YES_AGGRESSIVE;
				GCC_WARN_UNUSED_FUNCTION = YES;
				GCC_WARN_UNUSED_VARIABLE = YES;
				IPHONEOS_DEPLOYMENT_TARGET = 10.0;
				MTL_ENABLE_DEBUG_INFO = NO;
				SDKROOT = iphoneos;
				SWIFT_OPTIMIZATION_LEVEL = "-Owholemodule";
				VALIDATE_PRODUCT = YES;
			};
			name = Release;
		};
		AEE95E551D7B092A00093B51 /* Debug */ = {
			isa = XCBuildConfiguration;
			baseConfigurationReference = D36D34D1D194F34A2C696A4C /* Pods-perSession.debug.xcconfig */;
			buildSettings = {
				ALWAYS_EMBED_SWIFT_STANDARD_LIBRARIES = "$(inherited)";
				ASSETCATALOG_COMPILER_APPICON_NAME = AppIcon;
				CODE_SIGN_ENTITLEMENTS = "employee timer/employee timer.entitlements";
				"CODE_SIGN_IDENTITY[sdk=iphoneos*]" = "iPhone Developer";
				CODE_SIGN_STYLE = Automatic;
				DEVELOPMENT_TEAM = WMAL4VEAR5;
				FRAMEWORK_SEARCH_PATHS = (
					"$(SRCROOT)",
					"$(inherited)",
				);
				INFOPLIST_FILE = "employee timer/Info.plist";
				IPHONEOS_DEPLOYMENT_TARGET = 10.0;
				LD_RUNPATH_SEARCH_PATHS = "$(inherited) @executable_path/Frameworks";
				PRODUCT_BUNDLE_IDENTIFIER = HomePloyer.perSession;
				PRODUCT_NAME = "$(TARGET_NAME)";
				PROVISIONING_PROFILE_SPECIFIER = "";
				SWIFT_REFLECTION_METADATA_LEVEL = all;
				SWIFT_VERSION = 3.0;
				TARGETED_DEVICE_FAMILY = "1,2";
			};
			name = Debug;
		};
		AEE95E561D7B092A00093B51 /* Release */ = {
			isa = XCBuildConfiguration;
			baseConfigurationReference = 3524438E11FB26ADA3170CED /* Pods-perSession.release.xcconfig */;
			buildSettings = {
				ALWAYS_EMBED_SWIFT_STANDARD_LIBRARIES = "$(inherited)";
				ASSETCATALOG_COMPILER_APPICON_NAME = AppIcon;
				CODE_SIGN_ENTITLEMENTS = "employee timer/employee timer.entitlements";
				"CODE_SIGN_IDENTITY[sdk=iphoneos*]" = "iPhone Developer";
				CODE_SIGN_STYLE = Automatic;
				DEVELOPMENT_TEAM = WMAL4VEAR5;
				FRAMEWORK_SEARCH_PATHS = (
					"$(SRCROOT)",
					"$(inherited)",
				);
				INFOPLIST_FILE = "employee timer/Info.plist";
				IPHONEOS_DEPLOYMENT_TARGET = 10.0;
				LD_RUNPATH_SEARCH_PATHS = "$(inherited) @executable_path/Frameworks";
				PRODUCT_BUNDLE_IDENTIFIER = HomePloyer.perSession;
				PRODUCT_NAME = "$(TARGET_NAME)";
				PROVISIONING_PROFILE_SPECIFIER = "";
				SWIFT_REFLECTION_METADATA_LEVEL = all;
				SWIFT_VERSION = 3.0;
				TARGETED_DEVICE_FAMILY = "1,2";
			};
			name = Release;
		};
/* End XCBuildConfiguration section */

/* Begin XCConfigurationList section */
		AEE95E3D1D7B092A00093B51 /* Build configuration list for PBXProject "perSession" */ = {
			isa = XCConfigurationList;
			buildConfigurations = (
				AEE95E521D7B092A00093B51 /* Debug */,
				AEE95E531D7B092A00093B51 /* Release */,
			);
			defaultConfigurationIsVisible = 0;
			defaultConfigurationName = Release;
		};
		AEE95E541D7B092A00093B51 /* Build configuration list for PBXNativeTarget "perSession" */ = {
			isa = XCConfigurationList;
			buildConfigurations = (
				AEE95E551D7B092A00093B51 /* Debug */,
				AEE95E561D7B092A00093B51 /* Release */,
			);
			defaultConfigurationIsVisible = 0;
			defaultConfigurationName = Release;
		};
/* End XCConfigurationList section */
	};
	rootObject = AEE95E3A1D7B092A00093B51 /* Project object */;
}
